[[package]]
name = "certifi"
version = "2022.5.18.1"
description = "Python package for providing Mozilla's CA Bundle."
category = "main"
optional = false
python-versions = ">=3.6"

[[package]]
name = "charset-normalizer"
version = "2.0.12"
description = "The Real First Universal Charset Detector. Open, modern and actively maintained alternative to Chardet."
category = "main"
optional = false
python-versions = ">=3.5.0"

[package.extras]
unicode_backport = ["unicodedata2"]

[[package]]
name = "cryptography"
version = "37.0.2"
description = "cryptography is a package which provides cryptographic recipes and primitives to Python developers."
category = "main"
optional = false
python-versions = ">=3.6"

[[package]]
name = "docopt"
version = "0.6.2"
description = "Pythonic argument parser, that will make you smile"
category = "main"
optional = false
python-versions = "*"

[[package]]
name = "idna"
version = "3.3"
description = "Internationalized Domain Names in Applications (IDNA)"
category = "main"
optional = false
python-versions = ">=3.5"

[[package]]
name = "oauthlib"
version = "3.2.0"
description = "A generic, spec-compliant, thorough implementation of the OAuth request-signing logic"
category = "main"
optional = false
python-versions = ">=3.6"

[package.extras]
rsa = ["cryptography (>=3.0.0)"]
signals = ["blinker (>=1.4.0)"]
signedtoken = ["cryptography (>=3.0.0)", "pyjwt (>=2.0.0,<3)"]

[[package]]
name = "pyjwt"
version = "2.4.0"
description = "JSON Web Token implementation in Python"
category = "main"
optional = false
python-versions = ">=3.6"

[package.extras]
tests = ["coverage[toml] (==5.0.4)", "pytest (>=6.0.0,<7.0.0)"]
docs = ["zope.interface", "sphinx-rtd-theme", "sphinx"]
dev = ["pre-commit", "mypy", "coverage[toml] (==5.0.4)", "pytest (>=6.0.0,<7.0.0)", "cryptography (>=3.3.1)", "zope.interface", "sphinx-rtd-theme", "sphinx"]
crypto = ["cryptography (>=3.3.1)"]

[[package]]
name = "requests"
version = "2.27.1"
description = "Python HTTP for Humans."
category = "main"
optional = false
python-versions = ">=2.7, !=3.0.*, !=3.1.*, !=3.2.*, !=3.3.*, !=3.4.*, !=3.5.*"

[package.dependencies]
certifi = ">=2017.4.17"
charset-normalizer = {version = ">=2.0.0,<2.1.0", markers = "python_version >= \"3\""}
idna = {version = ">=2.5,<4", markers = "python_version >= \"3\""}
urllib3 = ">=1.21.1,<1.27"

[package.extras]
socks = ["PySocks (>=1.5.6,!=1.5.7)", "win-inet-pton"]
use_chardet_on_py3 = ["chardet (>=3.0.2,<5)"]

[[package]]
name = "requests-oauthlib"
version = "1.3.1"
description = "OAuthlib authentication support for Requests."
category = "main"
optional = false
python-versions = ">=2.7, !=3.0.*, !=3.1.*, !=3.2.*, !=3.3.*"

[package.dependencies]
oauthlib = ">=3.0.0"
requests = ">=2.0.0"

[package.extras]
rsa = ["oauthlib[signedtoken] (>=3.0.0)"]

[[package]]
name = "urllib3"
version = "1.26.9"
description = "HTTP library with thread-safe connection pooling, file post, and more."
category = "main"
optional = false
python-versions = ">=2.7, !=3.0.*, !=3.1.*, !=3.2.*, !=3.3.*, !=3.4.*, <4"

[package.extras]
brotli = ["brotlicffi (>=0.8.0)", "brotli (>=1.0.9)", "brotlipy (>=0.6.0)"]
secure = ["pyOpenSSL (>=0.14)", "cryptography (>=1.3.4)", "idna (>=2.0.0)", "certifi", "ipaddress"]
socks = ["PySocks (>=1.5.6,!=1.5.7,<2.0)"]

[metadata]
lock-version = "1.1"
python-versions = "^3.8"
content-hash = "10d73c856cf2114bb0414ed01de28954193e3fe526b154c0024cbbc352d96cba"

[metadata.files]
certifi = []
charset-normalizer = [
    {file = "charset-normalizer-2.0.12.tar.gz", hash = "sha256:2857e29ff0d34db842cd7ca3230549d1a697f96ee6d3fb071cfa6c7393832597"},
    {file = "charset_normalizer-2.0.12-py3-none-any.whl", hash = "sha256:6881edbebdb17b39b4eaaa821b438bf6eddffb4468cf344f09f89def34a8b1df"},
]
cryptography = [
    {file = "cryptography-37.0.2-cp36-abi3-macosx_10_10_universal2.whl", hash = "sha256:ef15c2df7656763b4ff20a9bc4381d8352e6640cfeb95c2972c38ef508e75181"},
    {file = "cryptography-37.0.2-cp36-abi3-macosx_10_10_x86_64.whl", hash = "sha256:3c81599befb4d4f3d7648ed3217e00d21a9341a9a688ecdd615ff72ffbed7336"},
    {file = "cryptography-37.0.2-cp36-abi3-manylinux_2_12_x86_64.manylinux2010_x86_64.whl", hash = "sha256:2bd1096476aaac820426239ab534b636c77d71af66c547b9ddcd76eb9c79e004"},
    {file = "cryptography-37.0.2-cp36-abi3-manylinux_2_17_aarch64.manylinux2014_aarch64.manylinux_2_24_aarch64.whl", hash = "sha256:31fe38d14d2e5f787e0aecef831457da6cec68e0bb09a35835b0b44ae8b988fe"},
    {file = "cryptography-37.0.2-cp36-abi3-manylinux_2_17_aarch64.manylinux2014_aarch64.whl", hash = "sha256:093cb351031656d3ee2f4fa1be579a8c69c754cf874206be1d4cf3b542042804"},
    {file = "cryptography-37.0.2-cp36-abi3-manylinux_2_17_x86_64.manylinux2014_x86_64.whl", hash = "sha256:59b281eab51e1b6b6afa525af2bd93c16d49358404f814fe2c2410058623928c"},
    {file = "cryptography-37.0.2-cp36-abi3-manylinux_2_24_x86_64.whl", hash = "sha256:0cc20f655157d4cfc7bada909dc5cc228211b075ba8407c46467f63597c78178"},
    {file = "cryptography-37.0.2-cp36-abi3-musllinux_1_1_aarch64.whl", hash = "sha256:f8ec91983e638a9bcd75b39f1396e5c0dc2330cbd9ce4accefe68717e6779e0a"},
    {file = "cryptography-37.0.2-cp36-abi3-musllinux_1_1_x86_64.whl", hash = "sha256:46f4c544f6557a2fefa7ac8ac7d1b17bf9b647bd20b16decc8fbcab7117fbc15"},
    {file = "cryptography-37.0.2-cp36-abi3-win32.whl", hash = "sha256:731c8abd27693323b348518ed0e0705713a36d79fdbd969ad968fbef0979a7e0"},
    {file = "cryptography-37.0.2-cp36-abi3-win_amd64.whl", hash = "sha256:471e0d70201c069f74c837983189949aa0d24bb2d751b57e26e3761f2f782b8d"},
    {file = "cryptography-37.0.2-pp37-pypy37_pp73-manylinux_2_17_x86_64.manylinux2014_x86_64.whl", hash = "sha256:a68254dd88021f24a68b613d8c51d5c5e74d735878b9e32cc0adf19d1f10aaf9"},
    {file = "cryptography-37.0.2-pp37-pypy37_pp73-manylinux_2_24_x86_64.whl", hash = "sha256:a7d5137e556cc0ea418dca6186deabe9129cee318618eb1ffecbd35bee55ddc1"},
    {file = "cryptography-37.0.2-pp38-pypy38_pp73-macosx_10_10_x86_64.whl", hash = "sha256:aeaba7b5e756ea52c8861c133c596afe93dd716cbcacae23b80bc238202dc023"},
    {file = "cryptography-37.0.2-pp38-pypy38_pp73-manylinux_2_17_x86_64.manylinux2014_x86_64.whl", hash = "sha256:95e590dd70642eb2079d280420a888190aa040ad20f19ec8c6e097e38aa29e06"},
    {file = "cryptography-37.0.2-pp38-pypy38_pp73-manylinux_2_24_x86_64.whl", hash = "sha256:1b9362d34363f2c71b7853f6251219298124aa4cc2075ae2932e64c91a3e2717"},
    {file = "cryptography-37.0.2-pp38-pypy38_pp73-win_amd64.whl", hash = "sha256:e53258e69874a306fcecb88b7534d61820db8a98655662a3dd2ec7f1afd9132f"},
    {file = "cryptography-37.0.2-pp39-pypy39_pp73-macosx_10_10_x86_64.whl", hash = "sha256:1f3bfbd611db5cb58ca82f3deb35e83af34bb8cf06043fa61500157d50a70982"},
    {file = "cryptography-37.0.2-pp39-pypy39_pp73-manylinux_2_17_x86_64.manylinux2014_x86_64.whl", hash = "sha256:419c57d7b63f5ec38b1199a9521d77d7d1754eb97827bbb773162073ccd8c8d4"},
    {file = "cryptography-37.0.2-pp39-pypy39_pp73-manylinux_2_24_x86_64.whl", hash = "sha256:dc26bb134452081859aa21d4990474ddb7e863aa39e60d1592800a8865a702de"},
    {file = "cryptography-37.0.2-pp39-pypy39_pp73-win_amd64.whl", hash = "sha256:3b8398b3d0efc420e777c40c16764d6870bcef2eb383df9c6dbb9ffe12c64452"},
    {file = "cryptography-37.0.2.tar.gz", hash = "sha256:f224ad253cc9cea7568f49077007d2263efa57396a2f2f78114066fd54b5c68e"},
]
docopt = [
    {file = "docopt-0.6.2.tar.gz", hash = "sha256:49b3a825280bd66b3aa83585ef59c4a8c82f2c8a522dbe754a8bc8d08c85c491"},
]
idna = [
    {file = "idna-3.3-py3-none-any.whl", hash = "sha256:84d9dd047ffa80596e0f246e2eab0b391788b0503584e8945f2368256d2735ff"},
    {file = "idna-3.3.tar.gz", hash = "sha256:9d643ff0a55b762d5cdb124b8eaa99c66322e2157b69160bc32796e824360e6d"},
]
oauthlib = []
pyjwt = []
requests = [
    {file = "requests-2.27.1-py2.py3-none-any.whl", hash = "sha256:f22fa1e554c9ddfd16e6e41ac79759e17be9e492b3587efa038054674760e72d"},
    {file = "requests-2.27.1.tar.gz", hash = "sha256:68d7c56fd5a8999887728ef304a6d12edc7be74f1cfa47714fc8b414525c9a61"},
]
requests-oauthlib = []
urllib3 = [
    {file = "urllib3-1.26.9-py2.py3-none-any.whl", hash = "sha256:44ece4d53fb1706f667c9bd1c648f5469a2ec925fcf3a776667042d645472c14"},
    {file = "urllib3-1.26.9.tar.gz", hash = "sha256:aabaf16477806a5e1dd19aa41f8c2b7950dd3c746362d7e3223dbe6de6ac448e"},
]
